// !$*UTF8*$!
{
	archiveVersion = 1;
	classes = {
	};
	objectVersion = 46;
	objects = {

/* Begin PBXBuildFile section */
		15FF984B1C23BF2500B95D43 /* AppDelegate.swift in Sources */ = {isa = PBXBuildFile; fileRef = 15FF984A1C23BF2500B95D43 /* AppDelegate.swift */; };
		15FF984D1C23BF2500B95D43 /* ViewController.swift in Sources */ = {isa = PBXBuildFile; fileRef = 15FF984C1C23BF2500B95D43 /* ViewController.swift */; };
		15FF98501C23BF2500B95D43 /* Main.storyboard in Resources */ = {isa = PBXBuildFile; fileRef = 15FF984E1C23BF2500B95D43 /* Main.storyboard */; };
		15FF98531C23BF2500B95D43 /* SwiftyHelpPageIntegration.xcdatamodeld in Sources */ = {isa = PBXBuildFile; fileRef = 15FF98511C23BF2500B95D43 /* SwiftyHelpPageIntegration.xcdatamodeld */; };
		15FF98551C23BF2500B95D43 /* Assets.xcassets in Resources */ = {isa = PBXBuildFile; fileRef = 15FF98541C23BF2500B95D43 /* Assets.xcassets */; };
		15FF98581C23BF2500B95D43 /* LaunchScreen.storyboard in Resources */ = {isa = PBXBuildFile; fileRef = 15FF98561C23BF2500B95D43 /* LaunchScreen.storyboard */; };
		15FF98631C23BF2500B95D43 /* SwiftyHelpPageIntegrationTests.swift in Sources */ = {isa = PBXBuildFile; fileRef = 15FF98621C23BF2500B95D43 /* SwiftyHelpPageIntegrationTests.swift */; };
		15FF986E1C23BF2500B95D43 /* SwiftyHelpPageIntegrationUITests.swift in Sources */ = {isa = PBXBuildFile; fileRef = 15FF986D1C23BF2500B95D43 /* SwiftyHelpPageIntegrationUITests.swift */; };
		15FF987D1C23BF8E00B95D43 /* CaneQualityHelpPageViewController.swift in Sources */ = {isa = PBXBuildFile; fileRef = 15FF987C1C23BF8E00B95D43 /* CaneQualityHelpPageViewController.swift */; };
		15FF987F1C23BFD700B95D43 /* CaneQualityHelpContentViewController.swift in Sources */ = {isa = PBXBuildFile; fileRef = 15FF987E1C23BFD700B95D43 /* CaneQualityHelpContentViewController.swift */; };
		15FF98811C23BFF800B95D43 /* Config.plist in Resources */ = {isa = PBXBuildFile; fileRef = 15FF98801C23BFF800B95D43 /* Config.plist */; };
		15FF98831C23C01200B95D43 /* Config.swift in Sources */ = {isa = PBXBuildFile; fileRef = 15FF98821C23C01200B95D43 /* Config.swift */; };
		15FF98851C23C11F00B95D43 /* UIExtensions.swift in Sources */ = {isa = PBXBuildFile; fileRef = 15FF98841C23C11F00B95D43 /* UIExtensions.swift */; };
		15FF98871C23C1C400B95D43 /* FoundationExtensions.swift in Sources */ = {isa = PBXBuildFile; fileRef = 15FF98861C23C1C400B95D43 /* FoundationExtensions.swift */; };
/* End PBXBuildFile section */

/* Begin PBXContainerItemProxy section */
		15FF985F1C23BF2500B95D43 /* PBXContainerItemProxy */ = {
			isa = PBXContainerItemProxy;
			containerPortal = 15FF983F1C23BF2500B95D43 /* Project object */;
			proxyType = 1;
			remoteGlobalIDString = 15FF98461C23BF2500B95D43;
			remoteInfo = SwiftyHelpPageIntegration;
		};
		15FF986A1C23BF2500B95D43 /* PBXContainerItemProxy */ = {
			isa = PBXContainerItemProxy;
			containerPortal = 15FF983F1C23BF2500B95D43 /* Project object */;
			proxyType = 1;
			remoteGlobalIDString = 15FF98461C23BF2500B95D43;
			remoteInfo = SwiftyHelpPageIntegration;
		};
/* End PBXContainerItemProxy section */

/* Begin PBXFileReference section */
		15FF98471C23BF2500B95D43 /* SwiftyHelpPageIntegration.app */ = {isa = PBXFileReference; explicitFileType = wrapper.application; includeInIndex = 0; path = SwiftyHelpPageIntegration.app; sourceTree = BUILT_PRODUCTS_DIR; };
		15FF984A1C23BF2500B95D43 /* AppDelegate.swift */ = {isa = PBXFileReference; lastKnownFileType = sourcecode.swift; path = AppDelegate.swift; sourceTree = "<group>"; };
		15FF984C1C23BF2500B95D43 /* ViewController.swift */ = {isa = PBXFileReference; lastKnownFileType = sourcecode.swift; path = ViewController.swift; sourceTree = "<group>"; };
		15FF984F1C23BF2500B95D43 /* Base */ = {isa = PBXFileReference; lastKnownFileType = file.storyboard; name = Base; path = Base.lproj/Main.storyboard; sourceTree = "<group>"; };
		15FF98521C23BF2500B95D43 /* SwiftyHelpPageIntegration.xcdatamodel */ = {isa = PBXFileReference; lastKnownFileType = wrapper.xcdatamodel; path = SwiftyHelpPageIntegration.xcdatamodel; sourceTree = "<group>"; };
		15FF98541C23BF2500B95D43 /* Assets.xcassets */ = {isa = PBXFileReference; lastKnownFileType = folder.assetcatalog; path = Assets.xcassets; sourceTree = "<group>"; };
		15FF98571C23BF2500B95D43 /* Base */ = {isa = PBXFileReference; lastKnownFileType = file.storyboard; name = Base; path = Base.lproj/LaunchScreen.storyboard; sourceTree = "<group>"; };
		15FF98591C23BF2500B95D43 /* Info.plist */ = {isa = PBXFileReference; lastKnownFileType = text.plist.xml; path = Info.plist; sourceTree = "<group>"; };
		15FF985E1C23BF2500B95D43 /* SwiftyHelpPageIntegrationTests.xctest */ = {isa = PBXFileReference; explicitFileType = wrapper.cfbundle; includeInIndex = 0; path = SwiftyHelpPageIntegrationTests.xctest; sourceTree = BUILT_PRODUCTS_DIR; };
		15FF98621C23BF2500B95D43 /* SwiftyHelpPageIntegrationTests.swift */ = {isa = PBXFileReference; lastKnownFileType = sourcecode.swift; path = SwiftyHelpPageIntegrationTests.swift; sourceTree = "<group>"; };
		15FF98641C23BF2500B95D43 /* Info.plist */ = {isa = PBXFileReference; lastKnownFileType = text.plist.xml; path = Info.plist; sourceTree = "<group>"; };
		15FF98691C23BF2500B95D43 /* SwiftyHelpPageIntegrationUITests.xctest */ = {isa = PBXFileReference; explicitFileType = wrapper.cfbundle; includeInIndex = 0; path = SwiftyHelpPageIntegrationUITests.xctest; sourceTree = BUILT_PRODUCTS_DIR; };
		15FF986D1C23BF2500B95D43 /* SwiftyHelpPageIntegrationUITests.swift */ = {isa = PBXFileReference; lastKnownFileType = sourcecode.swift; path = SwiftyHelpPageIntegrationUITests.swift; sourceTree = "<group>"; };
		15FF986F1C23BF2500B95D43 /* Info.plist */ = {isa = PBXFileReference; lastKnownFileType = text.plist.xml; path = Info.plist; sourceTree = "<group>"; };
		15FF987C1C23BF8E00B95D43 /* CaneQualityHelpPageViewController.swift */ = {isa = PBXFileReference; fileEncoding = 4; lastKnownFileType = sourcecode.swift; path = CaneQualityHelpPageViewController.swift; sourceTree = "<group>"; };
		15FF987E1C23BFD700B95D43 /* CaneQualityHelpContentViewController.swift */ = {isa = PBXFileReference; fileEncoding = 4; lastKnownFileType = sourcecode.swift; path = CaneQualityHelpContentViewController.swift; sourceTree = "<group>"; };
		15FF98801C23BFF800B95D43 /* Config.plist */ = {isa = PBXFileReference; fileEncoding = 4; lastKnownFileType = text.plist.xml; path = Config.plist; sourceTree = "<group>"; };
		15FF98821C23C01200B95D43 /* Config.swift */ = {isa = PBXFileReference; fileEncoding = 4; lastKnownFileType = sourcecode.swift; path = Config.swift; sourceTree = "<group>"; };
		15FF98841C23C11F00B95D43 /* UIExtensions.swift */ = {isa = PBXFileReference; fileEncoding = 4; lastKnownFileType = sourcecode.swift; path = UIExtensions.swift; sourceTree = "<group>"; };
		15FF98861C23C1C400B95D43 /* FoundationExtensions.swift */ = {isa = PBXFileReference; fileEncoding = 4; lastKnownFileType = sourcecode.swift; path = FoundationExtensions.swift; sourceTree = "<group>"; };
/* End PBXFileReference section */

/* Begin PBXFrameworksBuildPhase section */
		15FF98441C23BF2500B95D43 /* Frameworks */ = {
			isa = PBXFrameworksBuildPhase;
			buildActionMask = 2147483647;
			files = (
			);
			runOnlyForDeploymentPostprocessing = 0;
		};
		15FF985B1C23BF2500B95D43 /* Frameworks */ = {
			isa = PBXFrameworksBuildPhase;
			buildActionMask = 2147483647;
			files = (
			);
			runOnlyForDeploymentPostprocessing = 0;
		};
		15FF98661C23BF2500B95D43 /* Frameworks */ = {
			isa = PBXFrameworksBuildPhase;
			buildActionMask = 2147483647;
			files = (
			);
			runOnlyForDeploymentPostprocessing = 0;
		};
/* End PBXFrameworksBuildPhase section */

/* Begin PBXGroup section */
		15FF983E1C23BF2500B95D43 = {
			isa = PBXGroup;
			children = (
				15FF98491C23BF2500B95D43 /* SwiftyHelpPageIntegration */,
				15FF98611C23BF2500B95D43 /* SwiftyHelpPageIntegrationTests */,
				15FF986C1C23BF2500B95D43 /* SwiftyHelpPageIntegrationUITests */,
				15FF98481C23BF2500B95D43 /* Products */,
			);
			sourceTree = "<group>";
		};
		15FF98481C23BF2500B95D43 /* Products */ = {
			isa = PBXGroup;
			children = (
				15FF98471C23BF2500B95D43 /* SwiftyHelpPageIntegration.app */,
				15FF985E1C23BF2500B95D43 /* SwiftyHelpPageIntegrationTests.xctest */,
				15FF98691C23BF2500B95D43 /* SwiftyHelpPageIntegrationUITests.xctest */,
			);
			name = Products;
			sourceTree = "<group>";
		};
		15FF98491C23BF2500B95D43 /* SwiftyHelpPageIntegration */ = {
			isa = PBXGroup;
			children = (
				15FF987B1C23BF2B00B95D43 /* HelpPage */,
				15FF984A1C23BF2500B95D43 /* AppDelegate.swift */,
				15FF984C1C23BF2500B95D43 /* ViewController.swift */,
				15FF984E1C23BF2500B95D43 /* Main.storyboard */,
				15FF98541C23BF2500B95D43 /* Assets.xcassets */,
				15FF98561C23BF2500B95D43 /* LaunchScreen.storyboard */,
				15FF98591C23BF2500B95D43 /* Info.plist */,
				15FF98511C23BF2500B95D43 /* SwiftyHelpPageIntegration.xcdatamodeld */,
			);
			path = SwiftyHelpPageIntegration;
			sourceTree = "<group>";
		};
		15FF98611C23BF2500B95D43 /* SwiftyHelpPageIntegrationTests */ = {
			isa = PBXGroup;
			children = (
				15FF98621C23BF2500B95D43 /* SwiftyHelpPageIntegrationTests.swift */,
				15FF98641C23BF2500B95D43 /* Info.plist */,
			);
			path = SwiftyHelpPageIntegrationTests;
			sourceTree = "<group>";
		};
		15FF986C1C23BF2500B95D43 /* SwiftyHelpPageIntegrationUITests */ = {
			isa = PBXGroup;
			children = (
				15FF986D1C23BF2500B95D43 /* SwiftyHelpPageIntegrationUITests.swift */,
				15FF986F1C23BF2500B95D43 /* Info.plist */,
			);
			path = SwiftyHelpPageIntegrationUITests;
			sourceTree = "<group>";
		};
		15FF987B1C23BF2B00B95D43 /* HelpPage */ = {
			isa = PBXGroup;
			children = (
				15FF987C1C23BF8E00B95D43 /* CaneQualityHelpPageViewController.swift */,
				15FF987E1C23BFD700B95D43 /* CaneQualityHelpContentViewController.swift */,
				15FF98801C23BFF800B95D43 /* Config.plist */,
				15FF98821C23C01200B95D43 /* Config.swift */,
				15FF98841C23C11F00B95D43 /* UIExtensions.swift */,
				15FF98861C23C1C400B95D43 /* FoundationExtensions.swift */,
			);
			name = HelpPage;
			sourceTree = "<group>";
		};
/* End PBXGroup section */

/* Begin PBXNativeTarget section */
		15FF98461C23BF2500B95D43 /* SwiftyHelpPageIntegration */ = {
			isa = PBXNativeTarget;
			buildConfigurationList = 15FF98721C23BF2500B95D43 /* Build configuration list for PBXNativeTarget "SwiftyHelpPageIntegration" */;
			buildPhases = (
				15FF98431C23BF2500B95D43 /* Sources */,
				15FF98441C23BF2500B95D43 /* Frameworks */,
				15FF98451C23BF2500B95D43 /* Resources */,
			);
			buildRules = (
			);
			dependencies = (
			);
			name = SwiftyHelpPageIntegration;
			productName = SwiftyHelpPageIntegration;
			productReference = 15FF98471C23BF2500B95D43 /* SwiftyHelpPageIntegration.app */;
			productType = "com.apple.product-type.application";
		};
		15FF985D1C23BF2500B95D43 /* SwiftyHelpPageIntegrationTests */ = {
			isa = PBXNativeTarget;
			buildConfigurationList = 15FF98751C23BF2500B95D43 /* Build configuration list for PBXNativeTarget "SwiftyHelpPageIntegrationTests" */;
			buildPhases = (
				15FF985A1C23BF2500B95D43 /* Sources */,
				15FF985B1C23BF2500B95D43 /* Frameworks */,
				15FF985C1C23BF2500B95D43 /* Resources */,
			);
			buildRules = (
			);
			dependencies = (
				15FF98601C23BF2500B95D43 /* PBXTargetDependency */,
			);
			name = SwiftyHelpPageIntegrationTests;
			productName = SwiftyHelpPageIntegrationTests;
			productReference = 15FF985E1C23BF2500B95D43 /* SwiftyHelpPageIntegrationTests.xctest */;
			productType = "com.apple.product-type.bundle.unit-test";
		};
		15FF98681C23BF2500B95D43 /* SwiftyHelpPageIntegrationUITests */ = {
			isa = PBXNativeTarget;
			buildConfigurationList = 15FF98781C23BF2500B95D43 /* Build configuration list for PBXNativeTarget "SwiftyHelpPageIntegrationUITests" */;
			buildPhases = (
				15FF98651C23BF2500B95D43 /* Sources */,
				15FF98661C23BF2500B95D43 /* Frameworks */,
				15FF98671C23BF2500B95D43 /* Resources */,
			);
			buildRules = (
			);
			dependencies = (
				15FF986B1C23BF2500B95D43 /* PBXTargetDependency */,
			);
			name = SwiftyHelpPageIntegrationUITests;
			productName = SwiftyHelpPageIntegrationUITests;
			productReference = 15FF98691C23BF2500B95D43 /* SwiftyHelpPageIntegrationUITests.xctest */;
			productType = "com.apple.product-type.bundle.ui-testing";
		};
/* End PBXNativeTarget section */

/* Begin PBXProject section */
		15FF983F1C23BF2500B95D43 /* Project object */ = {
			isa = PBXProject;
			attributes = {
				LastSwiftUpdateCheck = 0720;
				LastUpgradeCheck = 0720;
				ORGANIZATIONNAME = "Sugam Kalra";
				TargetAttributes = {
					15FF98461C23BF2500B95D43 = {
						CreatedOnToolsVersion = 7.2;
					};
					15FF985D1C23BF2500B95D43 = {
						CreatedOnToolsVersion = 7.2;
						TestTargetID = 15FF98461C23BF2500B95D43;
					};
					15FF98681C23BF2500B95D43 = {
						CreatedOnToolsVersion = 7.2;
						TestTargetID = 15FF98461C23BF2500B95D43;
					};
				};
			};
			buildConfigurationList = 15FF98421C23BF2500B95D43 /* Build configuration list for PBXProject "SwiftyHelpPageIntegration" */;
			compatibilityVersion = "Xcode 3.2";
			developmentRegion = English;
			hasScannedForEncodings = 0;
			knownRegions = (
				en,
				Base,
			);
			mainGroup = 15FF983E1C23BF2500B95D43;
			productRefGroup = 15FF98481C23BF2500B95D43 /* Products */;
			projectDirPath = "";
			projectRoot = "";
			targets = (
				15FF98461C23BF2500B95D43 /* SwiftyHelpPageIntegration */,
				15FF985D1C23BF2500B95D43 /* SwiftyHelpPageIntegrationTests */,
				15FF98681C23BF2500B95D43 /* SwiftyHelpPageIntegrationUITests */,
			);
		};
/* End PBXProject section */

/* Begin PBXResourcesBuildPhase section */
		15FF98451C23BF2500B95D43 /* Resources */ = {
			isa = PBXResourcesBuildPhase;
			buildActionMask = 2147483647;
			files = (
				15FF98811C23BFF800B95D43 /* Config.plist in Resources */,
				15FF98581C23BF2500B95D43 /* LaunchScreen.storyboard in Resources */,
				15FF98551C23BF2500B95D43 /* Assets.xcassets in Resources */,
				15FF98501C23BF2500B95D43 /* Main.storyboard in Resources */,
			);
			runOnlyForDeploymentPostprocessing = 0;
		};
		15FF985C1C23BF2500B95D43 /* Resources */ = {
			isa = PBXResourcesBuildPhase;
			buildActionMask = 2147483647;
			files = (
			);
			runOnlyForDeploymentPostprocessing = 0;
		};
		15FF98671C23BF2500B95D43 /* Resources */ = {
			isa = PBXResourcesBuildPhase;
			buildActionMask = 2147483647;
			files = (
			);
			runOnlyForDeploymentPostprocessing = 0;
		};
/* End PBXResourcesBuildPhase section */

/* Begin PBXSourcesBuildPhase section */
		15FF98431C23BF2500B95D43 /* Sources */ = {
			isa = PBXSourcesBuildPhase;
			buildActionMask = 2147483647;
			files = (
				15FF984D1C23BF2500B95D43 /* ViewController.swift in Sources */,
				15FF98851C23C11F00B95D43 /* UIExtensions.swift in Sources */,
				15FF984B1C23BF2500B95D43 /* AppDelegate.swift in Sources */,
				15FF987F1C23BFD700B95D43 /* CaneQualityHelpContentViewController.swift in Sources */,
				15FF98871C23C1C400B95D43 /* FoundationExtensions.swift in Sources */,
				15FF98531C23BF2500B95D43 /* SwiftyHelpPageIntegration.xcdatamodeld in Sources */,
				15FF987D1C23BF8E00B95D43 /* CaneQualityHelpPageViewController.swift in Sources */,
				15FF98831C23C01200B95D43 /* Config.swift in Sources */,
			);
			runOnlyForDeploymentPostprocessing = 0;
		};
		15FF985A1C23BF2500B95D43 /* Sources */ = {
			isa = PBXSourcesBuildPhase;
			buildActionMask = 2147483647;
			files = (
				15FF98631C23BF2500B95D43 /* SwiftyHelpPageIntegrationTests.swift in Sources */,
			);
			runOnlyForDeploymentPostprocessing = 0;
		};
		15FF98651C23BF2500B95D43 /* Sources */ = {
			isa = PBXSourcesBuildPhase;
			buildActionMask = 2147483647;
			files = (
				15FF986E1C23BF2500B95D43 /* SwiftyHelpPageIntegrationUITests.swift in Sources */,
			);
			runOnlyForDeploymentPostprocessing = 0;
		};
/* End PBXSourcesBuildPhase section */

/* Begin PBXTargetDependency section */
		15FF98601C23BF2500B95D43 /* PBXTargetDependency */ = {
			isa = PBXTargetDependency;
			target = 15FF98461C23BF2500B95D43 /* SwiftyHelpPageIntegration */;
			targetProxy = 15FF985F1C23BF2500B95D43 /* PBXContainerItemProxy */;
		};
		15FF986B1C23BF2500B95D43 /* PBXTargetDependency */ = {
			isa = PBXTargetDependency;
			target = 15FF98461C23BF2500B95D43 /* SwiftyHelpPageIntegration */;
			targetProxy = 15FF986A1C23BF2500B95D43 /* PBXContainerItemProxy */;
		};
/* End PBXTargetDependency section */

/* Begin PBXVariantGroup section */
		15FF984E1C23BF2500B95D43 /* Main.storyboard */ = {
			isa = PBXVariantGroup;
			children = (
				15FF984F1C23BF2500B95D43 /* Base */,
			);
			name = Main.storyboard;
			sourceTree = "<group>";
		};
		15FF98561C23BF2500B95D43 /* LaunchScreen.storyboard */ = {
			isa = PBXVariantGroup;
			children = (
				15FF98571C23BF2500B95D43 /* Base */,
			);
			name = LaunchScreen.storyboard;
			sourceTree = "<group>";
		};
/* End PBXVariantGroup section */

/* Begin XCBuildConfiguration section */
		15FF98701C23BF2500B95D43 /* Debug */ = {
			isa = XCBuildConfiguration;
			buildSettings = {
				ALWAYS_SEARCH_USER_PATHS = NO;
				CLANG_CXX_LANGUAGE_STANDARD = "gnu++0x";
				CLANG_CXX_LIBRARY = "libc++";
				CLANG_ENABLE_MODULES = YES;
				CLANG_ENABLE_OBJC_ARC = YES;
				CLANG_WARN_BOOL_CONVERSION = YES;
				CLANG_WARN_CONSTANT_CONVERSION = YES;
				CLANG_WARN_DIRECT_OBJC_ISA_USAGE = YES_ERROR;
				CLANG_WARN_EMPTY_BODY = YES;
				CLANG_WARN_ENUM_CONVERSION = YES;
				CLANG_WARN_INT_CONVERSION = YES;
				CLANG_WARN_OBJC_ROOT_CLASS = YES_ERROR;
				CLANG_WARN_UNREACHABLE_CODE = YES;
				CLANG_WARN__DUPLICATE_METHOD_MATCH = YES;
				"CODE_SIGN_IDENTITY[sdk=iphoneos*]" = "iPhone Developer";
				COPY_PHASE_STRIP = NO;
				DEBUG_INFORMATION_FORMAT = dwarf;
				ENABLE_STRICT_OBJC_MSGSEND = YES;
				ENABLE_TESTABILITY = YES;
				GCC_C_LANGUAGE_STANDARD = gnu99;
				GCC_DYNAMIC_NO_PIC = NO;
				GCC_NO_COMMON_BLOCKS = YES;
				GCC_OPTIMIZATION_LEVEL = 0;
				GCC_PREPROCESSOR_DEFINITIONS = (
					"DEBUG=1",
					"$(inherited)",
				);
				GCC_WARN_64_TO_32_BIT_CONVERSION = YES;
				GCC_WARN_ABOUT_RETURN_TYPE = YES_ERROR;
				GCC_WARN_UNDECLARED_SELECTOR = YES;
				GCC_WARN_UNINITIALIZED_AUTOS = YES_AGGRESSIVE;
				GCC_WARN_UNUSED_FUNCTION = YES;
				GCC_WARN_UNUSED_VARIABLE = YES;
				IPHONEOS_DEPLOYMENT_TARGET = 9.2;
				MTL_ENABLE_DEBUG_INFO = YES;
				ONLY_ACTIVE_ARCH = YES;
				SDKROOT = iphoneos;
				SWIFT_OPTIMIZATION_LEVEL = "-Onone";
			};
			name = Debug;
		};
		15FF98711C23BF2500B95D43 /* Release */ = {
			isa = XCBuildConfiguration;
			buildSettings = {
				ALWAYS_SEARCH_USER_PATHS = NO;
				CLANG_CXX_LANGUAGE_STANDARD = "gnu++0x";
				CLANG_CXX_LIBRARY = "libc++";
				CLANG_ENABLE_MODULES = YES;
				CLANG_ENABLE_OBJC_ARC = YES;
				CLANG_WARN_BOOL_CONVERSION = YES;
				CLANG_WARN_CONSTANT_CONVERSION = YES;
				CLANG_WARN_DIRECT_OBJC_ISA_USAGE = YES_ERROR;
				CLANG_WARN_EMPTY_BODY = YES;
				CLANG_WARN_ENUM_CONVERSION = YES;
				CLANG_WARN_INT_CONVERSION = YES;
				CLANG_WARN_OBJC_ROOT_CLASS = YES_ERROR;
				CLANG_WARN_UNREACHABLE_CODE = YES;
				CLANG_WARN__DUPLICATE_METHOD_MATCH = YES;
				"CODE_SIGN_IDENTITY[sdk=iphoneos*]" = "iPhone Developer";
				COPY_PHASE_STRIP = NO;
				DEBUG_INFORMATION_FORMAT = "dwarf-with-dsym";
				ENABLE_NS_ASSERTIONS = NO;
				ENABLE_STRICT_OBJC_MSGSEND = YES;
				GCC_C_LANGUAGE_STANDARD = gnu99;
				GCC_NO_COMMON_BLOCKS = YES;
				GCC_WARN_64_TO_32_BIT_CONVERSION = YES;
				GCC_WARN_ABOUT_RETURN_TYPE = YES_ERROR;
				GCC_WARN_UNDECLARED_SELECTOR = YES;
				GCC_WARN_UNINITIALIZED_AUTOS = YES_AGGRESSIVE;
				GCC_WARN_UNUSED_FUNCTION = YES;
				GCC_WARN_UNUSED_VARIABLE = YES;
				IPHONEOS_DEPLOYMENT_TARGET = 9.2;
				MTL_ENABLE_DEBUG_INFO = NO;
				SDKROOT = iphoneos;
				VALIDATE_PRODUCT = YES;
			};
			name = Release;
		};
		15FF98731C23BF2500B95D43 /* Debug */ = {
			isa = XCBuildConfiguration;
			buildSettings = {
				ASSETCATALOG_COMPILER_APPICON_NAME = AppIcon;
				INFOPLIST_FILE = SwiftyHelpPageIntegration/Info.plist;
				LD_RUNPATH_SEARCH_PATHS = "$(inherited) @executable_path/Frameworks";
				PRODUCT_BUNDLE_IDENTIFIER = com.Appirio.SwiftyHelpPageIntegration;
				PRODUCT_NAME = "$(TARGET_NAME)";
			};
			name = Debug;
		};
		15FF98741C23BF2500B95D43 /* Release */ = {
			isa = XCBuildConfiguration;
			buildSettings = {
				ASSETCATALOG_COMPILER_APPICON_NAME = AppIcon;
				INFOPLIST_FILE = SwiftyHelpPageIntegration/Info.plist;
				LD_RUNPATH_SEARCH_PATHS = "$(inherited) @executable_path/Frameworks";
				PRODUCT_BUNDLE_IDENTIFIER = com.Appirio.SwiftyHelpPageIntegration;
				PRODUCT_NAME = "$(TARGET_NAME)";
			};
			name = Release;
		};
		15FF98761C23BF2500B95D43 /* Debug */ = {
			isa = XCBuildConfiguration;
			buildSettings = {
				BUNDLE_LOADER = "$(TEST_HOST)";
				INFOPLIST_FILE = SwiftyHelpPageIntegrationTests/Info.plist;
				LD_RUNPATH_SEARCH_PATHS = "$(inherited) @executable_path/Frameworks @loader_path/Frameworks";
				PRODUCT_BUNDLE_IDENTIFIER = com.Appirio.SwiftyHelpPageIntegrationTests;
				PRODUCT_NAME = "$(TARGET_NAME)";
				TEST_HOST = "$(BUILT_PRODUCTS_DIR)/SwiftyHelpPageIntegration.app/SwiftyHelpPageIntegration";
			};
			name = Debug;
		};
		15FF98771C23BF2500B95D43 /* Release */ = {
			isa = XCBuildConfiguration;
			buildSettings = {
				BUNDLE_LOADER = "$(TEST_HOST)";
				INFOPLIST_FILE = SwiftyHelpPageIntegrationTests/Info.plist;
				LD_RUNPATH_SEARCH_PATHS = "$(inherited) @executable_path/Frameworks @loader_path/Frameworks";
				PRODUCT_BUNDLE_IDENTIFIER = com.Appirio.SwiftyHelpPageIntegrationTests;
				PRODUCT_NAME = "$(TARGET_NAME)";
				TEST_HOST = "$(BUILT_PRODUCTS_DIR)/SwiftyHelpPageIntegration.app/SwiftyHelpPageIntegration";
			};
			name = Release;
		};
		15FF98791C23BF2500B95D43 /* Debug */ = {
			isa = XCBuildConfiguration;
			buildSettings = {
				INFOPLIST_FILE = SwiftyHelpPageIntegrationUITests/Info.plist;
				LD_RUNPATH_SEARCH_PATHS = "$(inherited) @executable_path/Frameworks @loader_path/Frameworks";
				PRODUCT_BUNDLE_IDENTIFIER = com.Appirio.SwiftyHelpPageIntegrationUITests;
				PRODUCT_NAME = "$(TARGET_NAME)";
				TEST_TARGET_NAME = SwiftyHelpPageIntegration;
				USES_XCTRUNNER = YES;
			};
			name = Debug;
		};
		15FF987A1C23BF2500B95D43 /* Release */ = {
			isa = XCBuildConfiguration;
			buildSettings = {
				INFOPLIST_FILE = SwiftyHelpPageIntegrationUITests/Info.plist;
				LD_RUNPATH_SEARCH_PATHS = "$(inherited) @executable_path/Frameworks @loader_path/Frameworks";
				PRODUCT_BUNDLE_IDENTIFIER = com.Appirio.SwiftyHelpPageIntegrationUITests;
				PRODUCT_NAME = "$(TARGET_NAME)";
				TEST_TARGET_NAME = SwiftyHelpPageIntegration;
				USES_XCTRUNNER = YES;
			};
			name = Release;
		};
/* End XCBuildConfiguration section */

/* Begin XCConfigurationList section */
		15FF98421C23BF2500B95D43 /* Build configuration list for PBXProject "SwiftyHelpPageIntegration" */ = {
			isa = XCConfigurationList;
			buildConfigurations = (
				15FF98701C23BF2500B95D43 /* Debug */,
				15FF98711C23BF2500B95D43 /* Release */,
			);
			defaultConfigurationIsVisible = 0;
			defaultConfigurationName = Release;
		};
		15FF98721C23BF2500B95D43 /* Build configuration list for PBXNativeTarget "SwiftyHelpPageIntegration" */ = {
			isa = XCConfigurationList;
			buildConfigurations = (
				15FF98731C23BF2500B95D43 /* Debug */,
				15FF98741C23BF2500B95D43 /* Release */,
			);
			defaultConfigurationIsVisible = 0;
		};
		15FF98751C23BF2500B95D43 /* Build configuration list for PBXNativeTarget "SwiftyHelpPageIntegrationTests" */ = {
			isa = XCConfigurationList;
			buildConfigurations = (
				15FF98761C23BF2500B95D43 /* Debug */,
				15FF98771C23BF2500B95D43 /* Release */,
			);
			defaultConfigurationIsVisible = 0;
		};
		15FF98781C23BF2500B95D43 /* Build configuration list for PBXNativeTarget "SwiftyHelpPageIntegrationUITests" */ = {
			isa = XCConfigurationList;
			buildConfigurations = (
				15FF98791C23BF2500B95D43 /* Debug */,
				15FF987A1C23BF2500B95D43 /* Release */,
			);
			defaultConfigurationIsVisible = 0;
		};
/* End XCConfigurationList section */

/* Begin XCVersionGroup section */
		15FF98511C23BF2500B95D43 /* SwiftyHelpPageIntegration.xcdatamodeld */ = {
			isa = XCVersionGroup;
			children = (
				15FF98521C23BF2500B95D43 /* SwiftyHelpPageIntegration.xcdatamodel */,
			);
			currentVersion = 15FF98521C23BF2500B95D43 /* SwiftyHelpPageIntegration.xcdatamodel */;
			path = SwiftyHelpPageIntegration.xcdatamodeld;
			sourceTree = "<group>";
			versionGroupType = wrapper.xcdatamodel;
		};
/* End XCVersionGroup section */
	};
	rootObject = 15FF983F1C23BF2500B95D43 /* Project object */;
}
